// !$*UTF8*$!
{
	archiveVersion = 1;
	classes = {
	};
	objectVersion = 77;
	objects = {

/* Begin PBXBuildFile section */
		9B18ECA32D4599A700CD026C /* ServiceManagement.framework in Frameworks */ = {isa = PBXBuildFile; fileRef = 9B18ECA22D4599A700CD026C /* ServiceManagement.framework */; };
		9B77BA262DC3F1D700AD63B4 /* ViewInspector in Frameworks */ = {isa = PBXBuildFile; productRef = 9B77BA252DC3F1D700AD63B4 /* ViewInspector */; };
/* End PBXBuildFile section */

/* Begin PBXContainerItemProxy section */
		9BB04C7B2DBD223C00E6E7E9 /* PBXContainerItemProxy */ = {
			isa = PBXContainerItemProxy;
			containerPortal = 9B33EC302D2DFD4E00439338 /* Project object */;
			proxyType = 1;
			remoteGlobalIDString = 9B33EC372D2DFD4E00439338;
			remoteInfo = Pomodoo;
		};
/* End PBXContainerItemProxy section */

/* Begin PBXCopyFilesBuildPhase section */
		9BB813BD2D343B6400F55000 /* Embed Foundation Extensions */ = {
			isa = PBXCopyFilesBuildPhase;
			buildActionMask = 2147483647;
			dstPath = "";
			dstSubfolderSpec = 13;
			files = (
			);
			name = "Embed Foundation Extensions";
			runOnlyForDeploymentPostprocessing = 0;
		};
/* End PBXCopyFilesBuildPhase section */

/* Begin PBXFileReference section */
		9B18ECA22D4599A700CD026C /* ServiceManagement.framework */ = {isa = PBXFileReference; lastKnownFileType = wrapper.framework; name = ServiceManagement.framework; path = System/Library/Frameworks/ServiceManagement.framework; sourceTree = SDKROOT; };
		9B18ECAE2D459A2700CD026C /* Cocoa.framework */ = {isa = PBXFileReference; lastKnownFileType = wrapper.framework; name = Cocoa.framework; path = System/Library/Frameworks/Cocoa.framework; sourceTree = SDKROOT; };
		9B33EC382D2DFD4E00439338 /* Pomodoo.app */ = {isa = PBXFileReference; explicitFileType = wrapper.application; includeInIndex = 0; path = Pomodoo.app; sourceTree = BUILT_PRODUCTS_DIR; };
		9B5427182DBAE97F00E85EAD /* PomodooiOS.app */ = {isa = PBXFileReference; explicitFileType = wrapper.application; includeInIndex = 0; path = PomodooiOS.app; sourceTree = BUILT_PRODUCTS_DIR; };
		9BB04C772DBD223C00E6E7E9 /* PomodooTests.xctest */ = {isa = PBXFileReference; explicitFileType = wrapper.cfbundle; includeInIndex = 0; path = PomodooTests.xctest; sourceTree = BUILT_PRODUCTS_DIR; };
		9BB813A72D343B6300F55000 /* WidgetKit.framework */ = {isa = PBXFileReference; lastKnownFileType = wrapper.framework; name = WidgetKit.framework; path = System/Library/Frameworks/WidgetKit.framework; sourceTree = SDKROOT; };
		9BB813A92D343B6300F55000 /* SwiftUI.framework */ = {isa = PBXFileReference; lastKnownFileType = wrapper.framework; name = SwiftUI.framework; path = System/Library/Frameworks/SwiftUI.framework; sourceTree = SDKROOT; };
/* End PBXFileReference section */

/* Begin PBXFileSystemSynchronizedBuildFileExceptionSet section */
		9B4C5E6D2D5B5F350034E0E5 /* Exceptions for "Pomodoo" folder in "Pomodoo" target */ = {
			isa = PBXFileSystemSynchronizedBuildFileExceptionSet;
			membershipExceptions = (
				Features/Settings/Tests/SettingsOptionViewModelTest.swift,
				Features/Settings/Tests/SettingsViewModelTest.swift,
				Features/Timer/Tests/View/TimerViewTest.swift,
				Features/Timer/Tests/ViewModel/TimerViewModelTest.swift,
				Info.plist,
			);
			target = 9B33EC372D2DFD4E00439338 /* Pomodoo */;
		};
		9B5427332DBAEAD600E85EAD /* Exceptions for "Shared" folder in "PomodooiOS" target */ = {
			isa = PBXFileSystemSynchronizedBuildFileExceptionSet;
			membershipExceptions = (
				SampleView.swift,
			);
			target = 9B5427172DBAE97F00E85EAD /* PomodooiOS */;
		};
		9BB04C852DBD226C00E6E7E9 /* Exceptions for "Pomodoo" folder in "PomodooTests" target */ = {
			isa = PBXFileSystemSynchronizedBuildFileExceptionSet;
			membershipExceptions = (
				Features/Settings/Tests/SettingsOptionViewModelTest.swift,
				Features/Settings/Tests/SettingsViewModelTest.swift,
				Features/Timer/Tests/View/TimerViewTest.swift,
				Features/Timer/Tests/ViewModel/TimerViewModelTest.swift,
			);
			target = 9BB04C762DBD223C00E6E7E9 /* PomodooTests */;
		};
/* End PBXFileSystemSynchronizedBuildFileExceptionSet section */

/* Begin PBXFileSystemSynchronizedRootGroup section */
		9B33EC3A2D2DFD4E00439338 /* Pomodoo */ = {
			isa = PBXFileSystemSynchronizedRootGroup;
			exceptions = (
				9B4C5E6D2D5B5F350034E0E5 /* Exceptions for "Pomodoo" folder in "Pomodoo" target */,
				9BB04C852DBD226C00E6E7E9 /* Exceptions for "Pomodoo" folder in "PomodooTests" target */,
			);
			path = Pomodoo;
			sourceTree = "<group>";
		};
		9B54272C2DBAEAB500E85EAD /* Shared */ = {
			isa = PBXFileSystemSynchronizedRootGroup;
			exceptions = (
				9B5427332DBAEAD600E85EAD /* Exceptions for "Shared" folder in "PomodooiOS" target */,
			);
			path = Shared;
			sourceTree = "<group>";
		};
		9BB04C782DBD223C00E6E7E9 /* PomodooTests */ = {
			isa = PBXFileSystemSynchronizedRootGroup;
			path = PomodooTests;
			sourceTree = "<group>";
		};
/* End PBXFileSystemSynchronizedRootGroup section */

/* Begin PBXFrameworksBuildPhase section */
		9B33EC352D2DFD4E00439338 /* Frameworks */ = {
			isa = PBXFrameworksBuildPhase;
			buildActionMask = 2147483647;
			files = (
				9B18ECA32D4599A700CD026C /* ServiceManagement.framework in Frameworks */,
			);
			runOnlyForDeploymentPostprocessing = 0;
		};
		9B5427152DBAE97F00E85EAD /* Frameworks */ = {
			isa = PBXFrameworksBuildPhase;
			buildActionMask = 2147483647;
			files = (
			);
			runOnlyForDeploymentPostprocessing = 0;
		};
		9BB04C742DBD223C00E6E7E9 /* Frameworks */ = {
			isa = PBXFrameworksBuildPhase;
			buildActionMask = 2147483647;
			files = (
				9B77BA262DC3F1D700AD63B4 /* ViewInspector in Frameworks */,
			);
			runOnlyForDeploymentPostprocessing = 0;
		};
/* End PBXFrameworksBuildPhase section */

/* Begin PBXGroup section */
		9B33EC2F2D2DFD4E00439338 = {
			isa = PBXGroup;
			children = (
				9B54272C2DBAEAB500E85EAD /* Shared */,
				9B33EC3A2D2DFD4E00439338 /* Pomodoo */,
				9BB04C782DBD223C00E6E7E9 /* PomodooTests */,
				9BB813A62D343B6300F55000 /* Frameworks */,
				9B33EC392D2DFD4E00439338 /* Products */,
			);
			sourceTree = "<group>";
		};
		9B33EC392D2DFD4E00439338 /* Products */ = {
			isa = PBXGroup;
			children = (
				9B33EC382D2DFD4E00439338 /* Pomodoo.app */,
				9B5427182DBAE97F00E85EAD /* PomodooiOS.app */,
				9BB04C772DBD223C00E6E7E9 /* PomodooTests.xctest */,
			);
			name = Products;
			sourceTree = "<group>";
		};
		9BB813A62D343B6300F55000 /* Frameworks */ = {
			isa = PBXGroup;
			children = (
				9B18ECAE2D459A2700CD026C /* Cocoa.framework */,
				9B18ECA22D4599A700CD026C /* ServiceManagement.framework */,
				9BB813A72D343B6300F55000 /* WidgetKit.framework */,
				9BB813A92D343B6300F55000 /* SwiftUI.framework */,
			);
			name = Frameworks;
			sourceTree = "<group>";
		};
/* End PBXGroup section */

/* Begin PBXNativeTarget section */
		9B33EC372D2DFD4E00439338 /* Pomodoo */ = {
			isa = PBXNativeTarget;
			buildConfigurationList = 9B33EC4C2D2DFD4F00439338 /* Build configuration list for PBXNativeTarget "Pomodoo" */;
			buildPhases = (
				9B33EC342D2DFD4E00439338 /* Sources */,
				9B33EC352D2DFD4E00439338 /* Frameworks */,
				9B33EC362D2DFD4E00439338 /* Resources */,
				9BB813BD2D343B6400F55000 /* Embed Foundation Extensions */,
			);
			buildRules = (
			);
			dependencies = (
			);
			fileSystemSynchronizedGroups = (
				9B33EC3A2D2DFD4E00439338 /* Pomodoo */,
				9B54272C2DBAEAB500E85EAD /* Shared */,
			);
			name = Pomodoo;
			packageProductDependencies = (
			);
			productName = Focusee;
			productReference = 9B33EC382D2DFD4E00439338 /* Pomodoo.app */;
			productType = "com.apple.product-type.application";
		};
		9B5427172DBAE97F00E85EAD /* PomodooiOS */ = {
			isa = PBXNativeTarget;
			buildConfigurationList = 9B5427232DBAE98000E85EAD /* Build configuration list for PBXNativeTarget "PomodooiOS" */;
			buildPhases = (
				9B5427142DBAE97F00E85EAD /* Sources */,
				9B5427152DBAE97F00E85EAD /* Frameworks */,
				9B5427162DBAE97F00E85EAD /* Resources */,
			);
			buildRules = (
			);
			dependencies = (
			);
			name = PomodooiOS;
			packageProductDependencies = (
			);
			productName = PomodooiOS;
			productReference = 9B5427182DBAE97F00E85EAD /* PomodooiOS.app */;
			productType = "com.apple.product-type.application";
		};
		9BB04C762DBD223C00E6E7E9 /* PomodooTests */ = {
			isa = PBXNativeTarget;
			buildConfigurationList = 9BB04C7D2DBD223C00E6E7E9 /* Build configuration list for PBXNativeTarget "PomodooTests" */;
			buildPhases = (
				9BB04C732DBD223C00E6E7E9 /* Sources */,
				9BB04C742DBD223C00E6E7E9 /* Frameworks */,
				9BB04C752DBD223C00E6E7E9 /* Resources */,
			);
			buildRules = (
			);
			dependencies = (
				9BB04C7C2DBD223C00E6E7E9 /* PBXTargetDependency */,
			);
			fileSystemSynchronizedGroups = (
				9BB04C782DBD223C00E6E7E9 /* PomodooTests */,
			);
			name = PomodooTests;
			packageProductDependencies = (
				9B77BA252DC3F1D700AD63B4 /* ViewInspector */,
			);
			productName = PomodooTests;
			productReference = 9BB04C772DBD223C00E6E7E9 /* PomodooTests.xctest */;
			productType = "com.apple.product-type.bundle.unit-test";
		};
/* End PBXNativeTarget section */

/* Begin PBXProject section */
		9B33EC302D2DFD4E00439338 /* Project object */ = {
			isa = PBXProject;
			attributes = {
				BuildIndependentTargetsInParallel = 1;
				LastSwiftUpdateCheck = 1620;
				LastUpgradeCheck = 1620;
				TargetAttributes = {
					9B33EC372D2DFD4E00439338 = {
						CreatedOnToolsVersion = 16.2;
					};
					9B5427172DBAE97F00E85EAD = {
						CreatedOnToolsVersion = 16.2;
					};
					9BB04C762DBD223C00E6E7E9 = {
						CreatedOnToolsVersion = 16.2;
						TestTargetID = 9B33EC372D2DFD4E00439338;
					};
				};
			};
			buildConfigurationList = 9B33EC332D2DFD4E00439338 /* Build configuration list for PBXProject "Pomodoo" */;
			developmentRegion = en;
			hasScannedForEncodings = 0;
			knownRegions = (
				en,
				Base,
			);
			mainGroup = 9B33EC2F2D2DFD4E00439338;
			minimizedProjectReferenceProxies = 1;
			packageReferences = (
				9B77BA242DC3F1C000AD63B4 /* XCRemoteSwiftPackageReference "ViewInspector" */,
			);
			preferredProjectObjectVersion = 77;
			productRefGroup = 9B33EC392D2DFD4E00439338 /* Products */;
			projectDirPath = "";
			projectRoot = "";
			targets = (
				9B33EC372D2DFD4E00439338 /* Pomodoo */,
				9B5427172DBAE97F00E85EAD /* PomodooiOS */,
				9BB04C762DBD223C00E6E7E9 /* PomodooTests */,
			);
		};
/* End PBXProject section */

/* Begin PBXResourcesBuildPhase section */
		9B33EC362D2DFD4E00439338 /* Resources */ = {
			isa = PBXResourcesBuildPhase;
			buildActionMask = 2147483647;
			files = (
			);
			runOnlyForDeploymentPostprocessing = 0;
		};
		9B5427162DBAE97F00E85EAD /* Resources */ = {
			isa = PBXResourcesBuildPhase;
			buildActionMask = 2147483647;
			files = (
			);
			runOnlyForDeploymentPostprocessing = 0;
		};
		9BB04C752DBD223C00E6E7E9 /* Resources */ = {
			isa = PBXResourcesBuildPhase;
			buildActionMask = 2147483647;
			files = (
			);
			runOnlyForDeploymentPostprocessing = 0;
		};
/* End PBXResourcesBuildPhase section */

/* Begin PBXSourcesBuildPhase section */
		9B33EC342D2DFD4E00439338 /* Sources */ = {
			isa = PBXSourcesBuildPhase;
			buildActionMask = 2147483647;
			files = (
			);
			runOnlyForDeploymentPostprocessing = 0;
		};
		9B5427142DBAE97F00E85EAD /* Sources */ = {
			isa = PBXSourcesBuildPhase;
			buildActionMask = 2147483647;
			files = (
			);
			runOnlyForDeploymentPostprocessing = 0;
		};
		9BB04C732DBD223C00E6E7E9 /* Sources */ = {
			isa = PBXSourcesBuildPhase;
			buildActionMask = 2147483647;
			files = (
			);
			runOnlyForDeploymentPostprocessing = 0;
		};
/* End PBXSourcesBuildPhase section */

/* Begin PBXTargetDependency section */
		9BB04C7C2DBD223C00E6E7E9 /* PBXTargetDependency */ = {
			isa = PBXTargetDependency;
			target = 9B33EC372D2DFD4E00439338 /* Pomodoo */;
			targetProxy = 9BB04C7B2DBD223C00E6E7E9 /* PBXContainerItemProxy */;
		};
/* End PBXTargetDependency section */

/* Begin XCBuildConfiguration section */
		9B33EC4A2D2DFD4F00439338 /* Debug */ = {
			isa = XCBuildConfiguration;
			buildSettings = {
				ALWAYS_SEARCH_USER_PATHS = NO;
				ASSETCATALOG_COMPILER_GENERATE_SWIFT_ASSET_SYMBOL_EXTENSIONS = YES;
				CLANG_ANALYZER_NONNULL = YES;
				CLANG_ANALYZER_NUMBER_OBJECT_CONVERSION = YES_AGGRESSIVE;
				CLANG_CXX_LANGUAGE_STANDARD = "gnu++20";
				CLANG_ENABLE_MODULES = YES;
				CLANG_ENABLE_OBJC_ARC = YES;
				CLANG_ENABLE_OBJC_WEAK = YES;
				CLANG_WARN_BLOCK_CAPTURE_AUTORELEASING = YES;
				CLANG_WARN_BOOL_CONVERSION = YES;
				CLANG_WARN_COMMA = YES;
				CLANG_WARN_CONSTANT_CONVERSION = YES;
				CLANG_WARN_DEPRECATED_OBJC_IMPLEMENTATIONS = YES;
				CLANG_WARN_DIRECT_OBJC_ISA_USAGE = YES_ERROR;
				CLANG_WARN_DOCUMENTATION_COMMENTS = YES;
				CLANG_WARN_EMPTY_BODY = YES;
				CLANG_WARN_ENUM_CONVERSION = YES;
				CLANG_WARN_INFINITE_RECURSION = YES;
				CLANG_WARN_INT_CONVERSION = YES;
				CLANG_WARN_NON_LITERAL_NULL_CONVERSION = YES;
				CLANG_WARN_OBJC_IMPLICIT_RETAIN_SELF = YES;
				CLANG_WARN_OBJC_LITERAL_CONVERSION = YES;
				CLANG_WARN_OBJC_ROOT_CLASS = YES_ERROR;
				CLANG_WARN_QUOTED_INCLUDE_IN_FRAMEWORK_HEADER = YES;
				CLANG_WARN_RANGE_LOOP_ANALYSIS = YES;
				CLANG_WARN_STRICT_PROTOTYPES = YES;
				CLANG_WARN_SUSPICIOUS_MOVE = YES;
				CLANG_WARN_UNGUARDED_AVAILABILITY = YES_AGGRESSIVE;
				CLANG_WARN_UNREACHABLE_CODE = YES;
				CLANG_WARN__DUPLICATE_METHOD_MATCH = YES;
				COPY_PHASE_STRIP = NO;
				DEBUG_INFORMATION_FORMAT = dwarf;
				ENABLE_STRICT_OBJC_MSGSEND = YES;
				ENABLE_TESTABILITY = YES;
				ENABLE_USER_SCRIPT_SANDBOXING = YES;
				GCC_C_LANGUAGE_STANDARD = gnu17;
				GCC_DYNAMIC_NO_PIC = NO;
				GCC_NO_COMMON_BLOCKS = YES;
				GCC_OPTIMIZATION_LEVEL = 0;
				GCC_PREPROCESSOR_DEFINITIONS = (
					"DEBUG=1",
					"$(inherited)",
				);
				GCC_WARN_64_TO_32_BIT_CONVERSION = YES;
				GCC_WARN_ABOUT_RETURN_TYPE = YES_ERROR;
				GCC_WARN_UNDECLARED_SELECTOR = YES;
				GCC_WARN_UNINITIALIZED_AUTOS = YES_AGGRESSIVE;
				GCC_WARN_UNUSED_FUNCTION = YES;
				GCC_WARN_UNUSED_VARIABLE = YES;
				LOCALIZATION_PREFERS_STRING_CATALOGS = YES;
				MACOSX_DEPLOYMENT_TARGET = 14.6;
				MTL_ENABLE_DEBUG_INFO = INCLUDE_SOURCE;
				MTL_FAST_MATH = YES;
				ONLY_ACTIVE_ARCH = YES;
				SDKROOT = macosx;
				SWIFT_ACTIVE_COMPILATION_CONDITIONS = "DEBUG $(inherited)";
				SWIFT_OPTIMIZATION_LEVEL = "-Onone";
			};
			name = Debug;
		};
		9B33EC4B2D2DFD4F00439338 /* Release */ = {
			isa = XCBuildConfiguration;
			buildSettings = {
				ALWAYS_SEARCH_USER_PATHS = NO;
				ASSETCATALOG_COMPILER_GENERATE_SWIFT_ASSET_SYMBOL_EXTENSIONS = YES;
				CLANG_ANALYZER_NONNULL = YES;
				CLANG_ANALYZER_NUMBER_OBJECT_CONVERSION = YES_AGGRESSIVE;
				CLANG_CXX_LANGUAGE_STANDARD = "gnu++20";
				CLANG_ENABLE_MODULES = YES;
				CLANG_ENABLE_OBJC_ARC = YES;
				CLANG_ENABLE_OBJC_WEAK = YES;
				CLANG_WARN_BLOCK_CAPTURE_AUTORELEASING = YES;
				CLANG_WARN_BOOL_CONVERSION = YES;
				CLANG_WARN_COMMA = YES;
				CLANG_WARN_CONSTANT_CONVERSION = YES;
				CLANG_WARN_DEPRECATED_OBJC_IMPLEMENTATIONS = YES;
				CLANG_WARN_DIRECT_OBJC_ISA_USAGE = YES_ERROR;
				CLANG_WARN_DOCUMENTATION_COMMENTS = YES;
				CLANG_WARN_EMPTY_BODY = YES;
				CLANG_WARN_ENUM_CONVERSION = YES;
				CLANG_WARN_INFINITE_RECURSION = YES;
				CLANG_WARN_INT_CONVERSION = YES;
				CLANG_WARN_NON_LITERAL_NULL_CONVERSION = YES;
				CLANG_WARN_OBJC_IMPLICIT_RETAIN_SELF = YES;
				CLANG_WARN_OBJC_LITERAL_CONVERSION = YES;
				CLANG_WARN_OBJC_ROOT_CLASS = YES_ERROR;
				CLANG_WARN_QUOTED_INCLUDE_IN_FRAMEWORK_HEADER = YES;
				CLANG_WARN_RANGE_LOOP_ANALYSIS = YES;
				CLANG_WARN_STRICT_PROTOTYPES = YES;
				CLANG_WARN_SUSPICIOUS_MOVE = YES;
				CLANG_WARN_UNGUARDED_AVAILABILITY = YES_AGGRESSIVE;
				CLANG_WARN_UNREACHABLE_CODE = YES;
				CLANG_WARN__DUPLICATE_METHOD_MATCH = YES;
				COPY_PHASE_STRIP = NO;
				DEBUG_INFORMATION_FORMAT = "dwarf-with-dsym";
				ENABLE_NS_ASSERTIONS = NO;
				ENABLE_STRICT_OBJC_MSGSEND = YES;
				ENABLE_USER_SCRIPT_SANDBOXING = YES;
				GCC_C_LANGUAGE_STANDARD = gnu17;
				GCC_NO_COMMON_BLOCKS = YES;
				GCC_WARN_64_TO_32_BIT_CONVERSION = YES;
				GCC_WARN_ABOUT_RETURN_TYPE = YES_ERROR;
				GCC_WARN_UNDECLARED_SELECTOR = YES;
				GCC_WARN_UNINITIALIZED_AUTOS = YES_AGGRESSIVE;
				GCC_WARN_UNUSED_FUNCTION = YES;
				GCC_WARN_UNUSED_VARIABLE = YES;
				LOCALIZATION_PREFERS_STRING_CATALOGS = YES;
				MACOSX_DEPLOYMENT_TARGET = 14.6;
				MTL_ENABLE_DEBUG_INFO = NO;
				MTL_FAST_MATH = YES;
				SDKROOT = macosx;
				SWIFT_COMPILATION_MODE = wholemodule;
			};
			name = Release;
		};
		9B33EC4D2D2DFD4F00439338 /* Debug */ = {
			isa = XCBuildConfiguration;
			buildSettings = {
				ASSETCATALOG_COMPILER_APPICON_NAME = AppIcon;
				ASSETCATALOG_COMPILER_GLOBAL_ACCENT_COLOR_NAME = AccentColor;
				CODE_SIGN_ENTITLEMENTS = Pomodoo/Pomodoo.entitlements;
				CODE_SIGN_STYLE = Automatic;
				COMBINE_HIDPI_IMAGES = YES;
				CURRENT_PROJECT_VERSION = 8;
				DEVELOPMENT_ASSET_PATHS = "\"Pomodoo/Preview Content\"";
				DEVELOPMENT_TEAM = HDY45LN42J;
				ENABLE_PREVIEWS = YES;
				GENERATE_INFOPLIST_FILE = YES;
				INFOPLIST_FILE = Pomodoo/Info.plist;
				INFOPLIST_KEY_CFBundleDisplayName = Pomodoo;
				INFOPLIST_KEY_LSApplicationCategoryType = "public.app-category.productivity";
				INFOPLIST_KEY_LSUIElement = YES;
				INFOPLIST_KEY_NSHumanReadableCopyright = "";
				INFOPLIST_KEY_NSPrincipalClass = NSApplication;
				LD_RUNPATH_SEARCH_PATHS = (
					"$(inherited)",
					"@executable_path/../Frameworks",
				);
				MACOSX_DEPLOYMENT_TARGET = 14.0;
				MARKETING_VERSION = 1.4;
				PRODUCT_BUNDLE_IDENTIFIER = bytebuilder.Pomodoo;
				PRODUCT_NAME = "$(TARGET_NAME)";
				SWIFT_EMIT_LOC_STRINGS = YES;
				SWIFT_VERSION = 5.0;
			};
			name = Debug;
		};
		9B33EC4E2D2DFD4F00439338 /* Release */ = {
			isa = XCBuildConfiguration;
			buildSettings = {
				ASSETCATALOG_COMPILER_APPICON_NAME = AppIcon;
				ASSETCATALOG_COMPILER_GLOBAL_ACCENT_COLOR_NAME = AccentColor;
				CODE_SIGN_ENTITLEMENTS = Pomodoo/Pomodoo.entitlements;
				CODE_SIGN_STYLE = Automatic;
				COMBINE_HIDPI_IMAGES = YES;
				CURRENT_PROJECT_VERSION = 8;
				DEVELOPMENT_ASSET_PATHS = "\"Pomodoo/Preview Content\"";
				DEVELOPMENT_TEAM = HDY45LN42J;
				ENABLE_PREVIEWS = YES;
				GENERATE_INFOPLIST_FILE = YES;
				INFOPLIST_FILE = Pomodoo/Info.plist;
				INFOPLIST_KEY_CFBundleDisplayName = Pomodoo;
				INFOPLIST_KEY_LSApplicationCategoryType = "public.app-category.productivity";
				INFOPLIST_KEY_LSUIElement = YES;
				INFOPLIST_KEY_NSHumanReadableCopyright = "";
				INFOPLIST_KEY_NSPrincipalClass = NSApplication;
				LD_RUNPATH_SEARCH_PATHS = (
					"$(inherited)",
					"@executable_path/../Frameworks",
				);
				MACOSX_DEPLOYMENT_TARGET = 14.0;
				MARKETING_VERSION = 1.4;
				PRODUCT_BUNDLE_IDENTIFIER = bytebuilder.Pomodoo;
				PRODUCT_NAME = "$(TARGET_NAME)";
				SWIFT_EMIT_LOC_STRINGS = YES;
				SWIFT_VERSION = 5.0;
			};
			name = Release;
		};
		9B5427242DBAE98000E85EAD /* Debug */ = {
			isa = XCBuildConfiguration;
			buildSettings = {
				ASSETCATALOG_COMPILER_APPICON_NAME = AppIcon;
				ASSETCATALOG_COMPILER_GLOBAL_ACCENT_COLOR_NAME = AccentColor;
				CODE_SIGN_STYLE = Automatic;
				CURRENT_PROJECT_VERSION = 1;
				DEVELOPMENT_ASSET_PATHS = "\"PomodooiOS/Preview Content\"";
				DEVELOPMENT_TEAM = X6ZWT96PYP;
				ENABLE_PREVIEWS = YES;
				GENERATE_INFOPLIST_FILE = YES;
				INFOPLIST_KEY_UIApplicationSceneManifest_Generation = YES;
				INFOPLIST_KEY_UIApplicationSupportsIndirectInputEvents = YES;
				INFOPLIST_KEY_UILaunchScreen_Generation = YES;
				INFOPLIST_KEY_UISupportedInterfaceOrientations_iPad = "UIInterfaceOrientationPortrait UIInterfaceOrientationPortraitUpsideDown UIInterfaceOrientationLandscapeLeft UIInterfaceOrientationLandscapeRight";
				INFOPLIST_KEY_UISupportedInterfaceOrientations_iPhone = "UIInterfaceOrientationPortrait UIInterfaceOrientationLandscapeLeft UIInterfaceOrientationLandscapeRight";
				IPHONEOS_DEPLOYMENT_TARGET = 18.2;
				LD_RUNPATH_SEARCH_PATHS = (
					"$(inherited)",
					"@executable_path/Frameworks",
				);
				MARKETING_VERSION = 1.0;
				PRODUCT_BUNDLE_IDENTIFIER = gabslab.PomodooiOS;
				PRODUCT_NAME = "$(TARGET_NAME)";
				SDKROOT = iphoneos;
				SWIFT_EMIT_LOC_STRINGS = YES;
				SWIFT_VERSION = 5.0;
				TARGETED_DEVICE_FAMILY = "1,2";
			};
			name = Debug;
		};
		9B5427252DBAE98000E85EAD /* Release */ = {
			isa = XCBuildConfiguration;
			buildSettings = {
				ASSETCATALOG_COMPILER_APPICON_NAME = AppIcon;
				ASSETCATALOG_COMPILER_GLOBAL_ACCENT_COLOR_NAME = AccentColor;
				CODE_SIGN_STYLE = Automatic;
				CURRENT_PROJECT_VERSION = 1;
				DEVELOPMENT_ASSET_PATHS = "\"PomodooiOS/Preview Content\"";
				DEVELOPMENT_TEAM = X6ZWT96PYP;
				ENABLE_PREVIEWS = YES;
				GENERATE_INFOPLIST_FILE = YES;
				INFOPLIST_KEY_UIApplicationSceneManifest_Generation = YES;
				INFOPLIST_KEY_UIApplicationSupportsIndirectInputEvents = YES;
				INFOPLIST_KEY_UILaunchScreen_Generation = YES;
				INFOPLIST_KEY_UISupportedInterfaceOrientations_iPad = "UIInterfaceOrientationPortrait UIInterfaceOrientationPortraitUpsideDown UIInterfaceOrientationLandscapeLeft UIInterfaceOrientationLandscapeRight";
				INFOPLIST_KEY_UISupportedInterfaceOrientations_iPhone = "UIInterfaceOrientationPortrait UIInterfaceOrientationLandscapeLeft UIInterfaceOrientationLandscapeRight";
				IPHONEOS_DEPLOYMENT_TARGET = 18.2;
				LD_RUNPATH_SEARCH_PATHS = (
					"$(inherited)",
					"@executable_path/Frameworks",
				);
				MARKETING_VERSION = 1.0;
				PRODUCT_BUNDLE_IDENTIFIER = gabslab.PomodooiOS;
				PRODUCT_NAME = "$(TARGET_NAME)";
				SDKROOT = iphoneos;
				SWIFT_EMIT_LOC_STRINGS = YES;
				SWIFT_VERSION = 5.0;
				TARGETED_DEVICE_FAMILY = "1,2";
				VALIDATE_PRODUCT = YES;
			};
			name = Release;
		};
		9BB04C7E2DBD223C00E6E7E9 /* Debug */ = {
			isa = XCBuildConfiguration;
			buildSettings = {
				BUNDLE_LOADER = "$(TEST_HOST)";
				CODE_SIGN_STYLE = Automatic;
				CURRENT_PROJECT_VERSION = 1;
				DEVELOPMENT_TEAM = X6ZWT96PYP;
				GENERATE_INFOPLIST_FILE = YES;
				IPHONEOS_DEPLOYMENT_TARGET = 18.2;
				MACOSX_DEPLOYMENT_TARGET = 15.2;
				MARKETING_VERSION = 1.0;
				PRODUCT_BUNDLE_IDENTIFIER = gabslab.PomodooTests;
				PRODUCT_NAME = "$(TARGET_NAME)";
				SDKROOT = auto;
				SUPPORTED_PLATFORMS = "iphoneos iphonesimulator macosx xros xrsimulator";
				SWIFT_EMIT_LOC_STRINGS = NO;
				SWIFT_VERSION = 5.0;
				TARGETED_DEVICE_FAMILY = "1,2,7";
				TEST_HOST = "$(BUILT_PRODUCTS_DIR)/Pomodoo.app/$(BUNDLE_EXECUTABLE_FOLDER_PATH)/Pomodoo";
				XROS_DEPLOYMENT_TARGET = 2.2;
			};
			name = Debug;
		};
		9BB04C7F2DBD223C00E6E7E9 /* Release */ = {
			isa = XCBuildConfiguration;
			buildSettings = {
				BUNDLE_LOADER = "$(TEST_HOST)";
				CODE_SIGN_STYLE = Automatic;
				CURRENT_PROJECT_VERSION = 1;
				DEVELOPMENT_TEAM = X6ZWT96PYP;
				GENERATE_INFOPLIST_FILE = YES;
				IPHONEOS_DEPLOYMENT_TARGET = 18.2;
				MACOSX_DEPLOYMENT_TARGET = 15.2;
				MARKETING_VERSION = 1.0;
				PRODUCT_BUNDLE_IDENTIFIER = gabslab.PomodooTests;
				PRODUCT_NAME = "$(TARGET_NAME)";
				SDKROOT = auto;
				SUPPORTED_PLATFORMS = "iphoneos iphonesimulator macosx xros xrsimulator";
				SWIFT_EMIT_LOC_STRINGS = NO;
				SWIFT_VERSION = 5.0;
				TARGETED_DEVICE_FAMILY = "1,2,7";
				TEST_HOST = "$(BUILT_PRODUCTS_DIR)/Pomodoo.app/$(BUNDLE_EXECUTABLE_FOLDER_PATH)/Pomodoo";
				XROS_DEPLOYMENT_TARGET = 2.2;
			};
			name = Release;
		};
/* End XCBuildConfiguration section */

/* Begin XCConfigurationList section */
		9B33EC332D2DFD4E00439338 /* Build configuration list for PBXProject "Pomodoo" */ = {
			isa = XCConfigurationList;
			buildConfigurations = (
				9B33EC4A2D2DFD4F00439338 /* Debug */,
				9B33EC4B2D2DFD4F00439338 /* Release */,
			);
			defaultConfigurationIsVisible = 0;
			defaultConfigurationName = Release;
		};
		9B33EC4C2D2DFD4F00439338 /* Build configuration list for PBXNativeTarget "Pomodoo" */ = {
			isa = XCConfigurationList;
			buildConfigurations = (
				9B33EC4D2D2DFD4F00439338 /* Debug */,
				9B33EC4E2D2DFD4F00439338 /* Release */,
			);
			defaultConfigurationIsVisible = 0;
			defaultConfigurationName = Release;
		};
		9B5427232DBAE98000E85EAD /* Build configuration list for PBXNativeTarget "PomodooiOS" */ = {
			isa = XCConfigurationList;
			buildConfigurations = (
				9B5427242DBAE98000E85EAD /* Debug */,
				9B5427252DBAE98000E85EAD /* Release */,
			);
			defaultConfigurationIsVisible = 0;
			defaultConfigurationName = Release;
		};
		9BB04C7D2DBD223C00E6E7E9 /* Build configuration list for PBXNativeTarget "PomodooTests" */ = {
			isa = XCConfigurationList;
			buildConfigurations = (
				9BB04C7E2DBD223C00E6E7E9 /* Debug */,
				9BB04C7F2DBD223C00E6E7E9 /* Release */,
			);
			defaultConfigurationIsVisible = 0;
			defaultConfigurationName = Release;
		};
/* End XCConfigurationList section */

/* Begin XCRemoteSwiftPackageReference section */
		9B77BA242DC3F1C000AD63B4 /* XCRemoteSwiftPackageReference "ViewInspector" */ = {
			isa = XCRemoteSwiftPackageReference;
			repositoryURL = "https://github.com/nalexn/ViewInspector";
			requirement = {
				kind = upToNextMajorVersion;
				minimumVersion = 0.10.1;
			};
		};
/* End XCRemoteSwiftPackageReference section */

/* Begin XCSwiftPackageProductDependency section */
		9B77BA252DC3F1D700AD63B4 /* ViewInspector */ = {
			isa = XCSwiftPackageProductDependency;
			package = 9B77BA242DC3F1C000AD63B4 /* XCRemoteSwiftPackageReference "ViewInspector" */;
			productName = ViewInspector;
		};
/* End XCSwiftPackageProductDependency section */
	};
	rootObject = 9B33EC302D2DFD4E00439338 /* Project object */;
}
